// !$*UTF8*$!
{
	archiveVersion = 1;
	classes = {
	};
	objectVersion = 77;
	objects = {

/* Begin PBXContainerItemProxy section */
		A9BBF03D2E44A6830046F1D0 /* PBXContainerItemProxy */ = {
			isa = PBXContainerItemProxy;
			containerPortal = A9BBF01E2E44A6800046F1D0 /* Project object */;
			proxyType = 1;
			remoteGlobalIDString = A9BBF0252E44A6800046F1D0;
			remoteInfo = Faketify;
		};
		A9BBF0472E44A6830046F1D0 /* PBXContainerItemProxy */ = {
			isa = PBXContainerItemProxy;
			containerPortal = A9BBF01E2E44A6800046F1D0 /* Project object */;
			proxyType = 1;
			remoteGlobalIDString = A9BBF0252E44A6800046F1D0;
			remoteInfo = Faketify;
		};
/* End PBXContainerItemProxy section */

/* Begin PBXFileReference section */
		A9BBF0262E44A6800046F1D0 /* Faketify.app */ = {isa = PBXFileReference; explicitFileType = wrapper.application; includeInIndex = 0; path = Faketify.app; sourceTree = BUILT_PRODUCTS_DIR; };
		A9BBF03C2E44A6830046F1D0 /* FaketifyTests.xctest */ = {isa = PBXFileReference; explicitFileType = wrapper.cfbundle; includeInIndex = 0; path = FaketifyTests.xctest; sourceTree = BUILT_PRODUCTS_DIR; };
		A9BBF0462E44A6830046F1D0 /* FaketifyUITests.xctest */ = {isa = PBXFileReference; explicitFileType = wrapper.cfbundle; includeInIndex = 0; path = FaketifyUITests.xctest; sourceTree = BUILT_PRODUCTS_DIR; };
/* End PBXFileReference section */

/* Begin PBXFileSystemSynchronizedBuildFileExceptionSet section */
		A9BBF04E2E44A6830046F1D0 /* Exceptions for "Faketify" folder in "Faketify" target */ = {
			isa = PBXFileSystemSynchronizedBuildFileExceptionSet;
			membershipExceptions = (
				Info.plist,
			);
			target = A9BBF0252E44A6800046F1D0 /* Faketify */;
		};
		A9BBF0652E44A6A70046F1D0 /* Exceptions for "HN_Naitei_iOS_2025_Faketify" folder in "FaketifyUITests" target */ = {
			isa = PBXFileSystemSynchronizedBuildFileExceptionSet;
			membershipExceptions = (
				.github/pull_request_template.md,
				.gitignore,
				README.md,
			);
			target = A9BBF0452E44A6830046F1D0 /* FaketifyUITests */;
		};
/* End PBXFileSystemSynchronizedBuildFileExceptionSet section */

/* Begin PBXFileSystemSynchronizedRootGroup section */
		A9BBF0282E44A6800046F1D0 /* Faketify */ = {
			isa = PBXFileSystemSynchronizedRootGroup;
			exceptions = (
				A9BBF04E2E44A6830046F1D0 /* Exceptions for "Faketify" folder in "Faketify" target */,
			);
			path = Faketify;
			sourceTree = "<group>";
		};
		A9BBF03F2E44A6830046F1D0 /* FaketifyTests */ = {
			isa = PBXFileSystemSynchronizedRootGroup;
			path = FaketifyTests;
			sourceTree = "<group>";
		};
		A9BBF0492E44A6830046F1D0 /* FaketifyUITests */ = {
			isa = PBXFileSystemSynchronizedRootGroup;
			path = FaketifyUITests;
			sourceTree = "<group>";
		};
		A9BBF0642E44A6A70046F1D0 /* HN_Naitei_iOS_2025_Faketify */ = {
			isa = PBXFileSystemSynchronizedRootGroup;
			exceptions = (
				A9BBF0652E44A6A70046F1D0 /* Exceptions for "HN_Naitei_iOS_2025_Faketify" folder in "FaketifyUITests" target */,
			);
			path = HN_Naitei_iOS_2025_Faketify;
			sourceTree = "<group>";
		};
/* End PBXFileSystemSynchronizedRootGroup section */

/* Begin PBXFrameworksBuildPhase section */
		A9BBF0232E44A6800046F1D0 /* Frameworks */ = {
			isa = PBXFrameworksBuildPhase;
			buildActionMask = 2147483647;
			files = (
			);
			runOnlyForDeploymentPostprocessing = 0;
		};
		A9BBF0392E44A6830046F1D0 /* Frameworks */ = {
			isa = PBXFrameworksBuildPhase;
			buildActionMask = 2147483647;
			files = (
			);
			runOnlyForDeploymentPostprocessing = 0;
		};
		A9BBF0432E44A6830046F1D0 /* Frameworks */ = {
			isa = PBXFrameworksBuildPhase;
			buildActionMask = 2147483647;
			files = (
			);
			runOnlyForDeploymentPostprocessing = 0;
		};
/* End PBXFrameworksBuildPhase section */

/* Begin PBXGroup section */
		A9BBF01D2E44A6800046F1D0 = {
			isa = PBXGroup;
			children = (
				A9BBF0282E44A6800046F1D0 /* Faketify */,
				A9BBF03F2E44A6830046F1D0 /* FaketifyTests */,
				A9BBF0492E44A6830046F1D0 /* FaketifyUITests */,
				A9BBF0272E44A6800046F1D0 /* Products */,
				A9BBF0642E44A6A70046F1D0 /* HN_Naitei_iOS_2025_Faketify */,
			);
			sourceTree = "<group>";
		};
		A9BBF0272E44A6800046F1D0 /* Products */ = {
			isa = PBXGroup;
			children = (
				A9BBF0262E44A6800046F1D0 /* Faketify.app */,
				A9BBF03C2E44A6830046F1D0 /* FaketifyTests.xctest */,
				A9BBF0462E44A6830046F1D0 /* FaketifyUITests.xctest */,
			);
			name = Products;
			sourceTree = "<group>";
		};
/* End PBXGroup section */

/* Begin PBXNativeTarget section */
		A9BBF0252E44A6800046F1D0 /* Faketify */ = {
			isa = PBXNativeTarget;
			buildConfigurationList = A9BBF04F2E44A6830046F1D0 /* Build configuration list for PBXNativeTarget "Faketify" */;
			buildPhases = (
				A9BBF0222E44A6800046F1D0 /* Sources */,
				A9BBF0232E44A6800046F1D0 /* Frameworks */,
				A9BBF0242E44A6800046F1D0 /* Resources */,
			);
			buildRules = (
			);
			dependencies = (
			);
			fileSystemSynchronizedGroups = (
				A9BBF0282E44A6800046F1D0 /* Faketify */,
			);
			name = Faketify;
			packageProductDependencies = (
			);
			productName = Faketify;
			productReference = A9BBF0262E44A6800046F1D0 /* Faketify.app */;
			productType = "com.apple.product-type.application";
		};
		A9BBF03B2E44A6830046F1D0 /* FaketifyTests */ = {
			isa = PBXNativeTarget;
			buildConfigurationList = A9BBF0542E44A6830046F1D0 /* Build configuration list for PBXNativeTarget "FaketifyTests" */;
			buildPhases = (
				A9BBF0382E44A6830046F1D0 /* Sources */,
				A9BBF0392E44A6830046F1D0 /* Frameworks */,
				A9BBF03A2E44A6830046F1D0 /* Resources */,
			);
			buildRules = (
			);
			dependencies = (
				A9BBF03E2E44A6830046F1D0 /* PBXTargetDependency */,
			);
			fileSystemSynchronizedGroups = (
				A9BBF03F2E44A6830046F1D0 /* FaketifyTests */,
			);
			name = FaketifyTests;
			packageProductDependencies = (
			);
			productName = FaketifyTests;
			productReference = A9BBF03C2E44A6830046F1D0 /* FaketifyTests.xctest */;
			productType = "com.apple.product-type.bundle.unit-test";
		};
		A9BBF0452E44A6830046F1D0 /* FaketifyUITests */ = {
			isa = PBXNativeTarget;
			buildConfigurationList = A9BBF0572E44A6830046F1D0 /* Build configuration list for PBXNativeTarget "FaketifyUITests" */;
			buildPhases = (
				A9BBF0422E44A6830046F1D0 /* Sources */,
				A9BBF0432E44A6830046F1D0 /* Frameworks */,
				A9BBF0442E44A6830046F1D0 /* Resources */,
			);
			buildRules = (
			);
			dependencies = (
				A9BBF0482E44A6830046F1D0 /* PBXTargetDependency */,
			);
			fileSystemSynchronizedGroups = (
				A9BBF0492E44A6830046F1D0 /* FaketifyUITests */,
				A9BBF0642E44A6A70046F1D0 /* HN_Naitei_iOS_2025_Faketify */,
			);
			name = FaketifyUITests;
			packageProductDependencies = (
			);
			productName = FaketifyUITests;
			productReference = A9BBF0462E44A6830046F1D0 /* FaketifyUITests.xctest */;
			productType = "com.apple.product-type.bundle.ui-testing";
		};
/* End PBXNativeTarget section */

/* Begin PBXProject section */
		A9BBF01E2E44A6800046F1D0 /* Project object */ = {
			isa = PBXProject;
			attributes = {
				BuildIndependentTargetsInParallel = 1;
				LastSwiftUpdateCheck = 1640;
				LastUpgradeCheck = 1640;
				TargetAttributes = {
					A9BBF0252E44A6800046F1D0 = {
						CreatedOnToolsVersion = 16.4;
					};
					A9BBF03B2E44A6830046F1D0 = {
						CreatedOnToolsVersion = 16.4;
						TestTargetID = A9BBF0252E44A6800046F1D0;
					};
					A9BBF0452E44A6830046F1D0 = {
						CreatedOnToolsVersion = 16.4;
						TestTargetID = A9BBF0252E44A6800046F1D0;
					};
				};
			};
			buildConfigurationList = A9BBF0212E44A6800046F1D0 /* Build configuration list for PBXProject "Faketify" */;
			developmentRegion = en;
			hasScannedForEncodings = 0;
			knownRegions = (
				en,
				Base,
			);
			mainGroup = A9BBF01D2E44A6800046F1D0;
			minimizedProjectReferenceProxies = 1;
			preferredProjectObjectVersion = 77;
			productRefGroup = A9BBF0272E44A6800046F1D0 /* Products */;
			projectDirPath = "";
			projectRoot = "";
			targets = (
				A9BBF0252E44A6800046F1D0 /* Faketify */,
				A9BBF03B2E44A6830046F1D0 /* FaketifyTests */,
				A9BBF0452E44A6830046F1D0 /* FaketifyUITests */,
			);
		};
/* End PBXProject section */

/* Begin PBXResourcesBuildPhase section */
		A9BBF0242E44A6800046F1D0 /* Resources */ = {
			isa = PBXResourcesBuildPhase;
			buildActionMask = 2147483647;
			files = (
			);
			runOnlyForDeploymentPostprocessing = 0;
		};
		A9BBF03A2E44A6830046F1D0 /* Resources */ = {
			isa = PBXResourcesBuildPhase;
			buildActionMask = 2147483647;
			files = (
			);
			runOnlyForDeploymentPostprocessing = 0;
		};
		A9BBF0442E44A6830046F1D0 /* Resources */ = {
			isa = PBXResourcesBuildPhase;
			buildActionMask = 2147483647;
			files = (
			);
			runOnlyForDeploymentPostprocessing = 0;
		};
/* End PBXResourcesBuildPhase section */

/* Begin PBXSourcesBuildPhase section */
		A9BBF0222E44A6800046F1D0 /* Sources */ = {
			isa = PBXSourcesBuildPhase;
			buildActionMask = 2147483647;
			files = (
			);
			runOnlyForDeploymentPostprocessing = 0;
		};
		A9BBF0382E44A6830046F1D0 /* Sources */ = {
			isa = PBXSourcesBuildPhase;
			buildActionMask = 2147483647;
			files = (
			);
			runOnlyForDeploymentPostprocessing = 0;
		};
		A9BBF0422E44A6830046F1D0 /* Sources */ = {
			isa = PBXSourcesBuildPhase;
			buildActionMask = 2147483647;
			files = (
			);
			runOnlyForDeploymentPostprocessing = 0;
		};
/* End PBXSourcesBuildPhase section */

/* Begin PBXTargetDependency section */
		A9BBF03E2E44A6830046F1D0 /* PBXTargetDependency */ = {
			isa = PBXTargetDependency;
			target = A9BBF0252E44A6800046F1D0 /* Faketify */;
			targetProxy = A9BBF03D2E44A6830046F1D0 /* PBXContainerItemProxy */;
		};
		A9BBF0482E44A6830046F1D0 /* PBXTargetDependency */ = {
			isa = PBXTargetDependency;
			target = A9BBF0252E44A6800046F1D0 /* Faketify */;
			targetProxy = A9BBF0472E44A6830046F1D0 /* PBXContainerItemProxy */;
		};
/* End PBXTargetDependency section */

/* Begin XCBuildConfiguration section */
		A9BBF0502E44A6830046F1D0 /* Debug */ = {
			isa = XCBuildConfiguration;
			buildSettings = {
				ASSETCATALOG_COMPILER_APPICON_NAME = AppIcon;
				ASSETCATALOG_COMPILER_GLOBAL_ACCENT_COLOR_NAME = AccentColor;
				CODE_SIGN_STYLE = Automatic;
				CURRENT_PROJECT_VERSION = 1;
				GENERATE_INFOPLIST_FILE = YES;
				INFOPLIST_FILE = Faketify/Info.plist;
				INFOPLIST_KEY_UIApplicationSupportsIndirectInputEvents = YES;
				INFOPLIST_KEY_UILaunchStoryboardName = LaunchScreen;
				INFOPLIST_KEY_UIMainStoryboardFile = Main;
				INFOPLIST_KEY_UISupportedInterfaceOrientations = "UIInterfaceOrientationLandscapeLeft UIInterfaceOrientationLandscapeRight UIInterfaceOrientationPortrait";
				IPHONEOS_DEPLOYMENT_TARGET = 15.6;
				LD_RUNPATH_SEARCH_PATHS = (
					"$(inherited)",
					"@executable_path/Frameworks",
				);
				MARKETING_VERSION = 1.0;
				PRODUCT_BUNDLE_IDENTIFIER = com.biarea.Faketify;
				PRODUCT_NAME = "$(TARGET_NAME)";
				SWIFT_EMIT_LOC_STRINGS = YES;
				SWIFT_VERSION = 5.0;
				TARGETED_DEVICE_FAMILY = "1,2";
			};
			name = Debug;
		};
		A9BBF0512E44A6830046F1D0 /* Release */ = {
			isa = XCBuildConfiguration;
			buildSettings = {
				ASSETCATALOG_COMPILER_APPICON_NAME = AppIcon;
				ASSETCATALOG_COMPILER_GLOBAL_ACCENT_COLOR_NAME = AccentColor;
				CODE_SIGN_STYLE = Automatic;
				CURRENT_PROJECT_VERSION = 1;
				GENERATE_INFOPLIST_FILE = YES;
				INFOPLIST_FILE = Faketify/Info.plist;
				INFOPLIST_KEY_UIApplicationSupportsIndirectInputEvents = YES;
				INFOPLIST_KEY_UILaunchStoryboardName = LaunchScreen;
				INFOPLIST_KEY_UIMainStoryboardFile = Main;
				INFOPLIST_KEY_UISupportedInterfaceOrientations = "UIInterfaceOrientationLandscapeLeft UIInterfaceOrientationLandscapeRight UIInterfaceOrientationPortrait";
				IPHONEOS_DEPLOYMENT_TARGET = 15.6;
				LD_RUNPATH_SEARCH_PATHS = (
					"$(inherited)",
					"@executable_path/Frameworks",
				);
				MARKETING_VERSION = 1.0;
				PRODUCT_BUNDLE_IDENTIFIER = com.biarea.Faketify;
				PRODUCT_NAME = "$(TARGET_NAME)";
				SWIFT_EMIT_LOC_STRINGS = YES;
				SWIFT_VERSION = 5.0;
				TARGETED_DEVICE_FAMILY = "1,2";
			};
			name = Release;
		};
		A9BBF0522E44A6830046F1D0 /* Debug */ = {
			isa = XCBuildConfiguration;
			buildSettings = {
				ALWAYS_SEARCH_USER_PATHS = NO;
				ASSETCATALOG_COMPILER_GENERATE_SWIFT_ASSET_SYMBOL_EXTENSIONS = YES;
				CLANG_ANALYZER_NONNULL = YES;
				CLANG_ANALYZER_NUMBER_OBJECT_CONVERSION = YES_AGGRESSIVE;
				CLANG_CXX_LANGUAGE_STANDARD = "gnu++20";
				CLANG_ENABLE_MODULES = YES;
				CLANG_ENABLE_OBJC_ARC = YES;
				CLANG_ENABLE_OBJC_WEAK = YES;
				CLANG_WARN_BLOCK_CAPTURE_AUTORELEASING = YES;
				CLANG_WARN_BOOL_CONVERSION = YES;
				CLANG_WARN_COMMA = YES;
				CLANG_WARN_CONSTANT_CONVERSION = YES;
				CLANG_WARN_DEPRECATED_OBJC_IMPLEMENTATIONS = YES;
				CLANG_WARN_DIRECT_OBJC_ISA_USAGE = YES_ERROR;
				CLANG_WARN_DOCUMENTATION_COMMENTS = YES;
				CLANG_WARN_EMPTY_BODY = YES;
				CLANG_WARN_ENUM_CONVERSION = YES;
				CLANG_WARN_INFINITE_RECURSION = YES;
				CLANG_WARN_INT_CONVERSION = YES;
				CLANG_WARN_NON_LITERAL_NULL_CONVERSION = YES;
				CLANG_WARN_OBJC_IMPLICIT_RETAIN_SELF = YES;
				CLANG_WARN_OBJC_LITERAL_CONVERSION = YES;
				CLANG_WARN_OBJC_ROOT_CLASS = YES_ERROR;
				CLANG_WARN_QUOTED_INCLUDE_IN_FRAMEWORK_HEADER = YES;
				CLANG_WARN_RANGE_LOOP_ANALYSIS = YES;
				CLANG_WARN_STRICT_PROTOTYPES = YES;
				CLANG_WARN_SUSPICIOUS_MOVE = YES;
				CLANG_WARN_UNGUARDED_AVAILABILITY = YES_AGGRESSIVE;
				CLANG_WARN_UNREACHABLE_CODE = YES;
				CLANG_WARN__DUPLICATE_METHOD_MATCH = YES;
				COPY_PHASE_STRIP = NO;
				DEBUG_INFORMATION_FORMAT = dwarf;
				ENABLE_STRICT_OBJC_MSGSEND = YES;
				ENABLE_TESTABILITY = YES;
				ENABLE_USER_SCRIPT_SANDBOXING = YES;
				GCC_C_LANGUAGE_STANDARD = gnu17;
				GCC_DYNAMIC_NO_PIC = NO;
				GCC_NO_COMMON_BLOCKS = YES;
				GCC_OPTIMIZATION_LEVEL = 0;
				GCC_PREPROCESSOR_DEFINITIONS = (
					"DEBUG=1",
					"$(inherited)",
				);
				GCC_WARN_64_TO_32_BIT_CONVERSION = YES;
				GCC_WARN_ABOUT_RETURN_TYPE = YES_ERROR;
				GCC_WARN_UNDECLARED_SELECTOR = YES;
				GCC_WARN_UNINITIALIZED_AUTOS = YES_AGGRESSIVE;
				GCC_WARN_UNUSED_FUNCTION = YES;
				GCC_WARN_UNUSED_VARIABLE = YES;
				IPHONEOS_DEPLOYMENT_TARGET = 18.5;
				LOCALIZATION_PREFERS_STRING_CATALOGS = YES;
				MTL_ENABLE_DEBUG_INFO = INCLUDE_SOURCE;
				MTL_FAST_MATH = YES;
				ONLY_ACTIVE_ARCH = YES;
				SDKROOT = iphoneos;
				SWIFT_ACTIVE_COMPILATION_CONDITIONS = "DEBUG $(inherited)";
				SWIFT_OPTIMIZATION_LEVEL = "-Onone";
			};
			name = Debug;
		};
		A9BBF0532E44A6830046F1D0 /* Release */ = {
			isa = XCBuildConfiguration;
			buildSettings = {
				ALWAYS_SEARCH_USER_PATHS = NO;
				ASSETCATALOG_COMPILER_GENERATE_SWIFT_ASSET_SYMBOL_EXTENSIONS = YES;
				CLANG_ANALYZER_NONNULL = YES;
				CLANG_ANALYZER_NUMBER_OBJECT_CONVERSION = YES_AGGRESSIVE;
				CLANG_CXX_LANGUAGE_STANDARD = "gnu++20";
				CLANG_ENABLE_MODULES = YES;
				CLANG_ENABLE_OBJC_ARC = YES;
				CLANG_ENABLE_OBJC_WEAK = YES;
				CLANG_WARN_BLOCK_CAPTURE_AUTORELEASING = YES;
				CLANG_WARN_BOOL_CONVERSION = YES;
				CLANG_WARN_COMMA = YES;
				CLANG_WARN_CONSTANT_CONVERSION = YES;
				CLANG_WARN_DEPRECATED_OBJC_IMPLEMENTATIONS = YES;
				CLANG_WARN_DIRECT_OBJC_ISA_USAGE = YES_ERROR;
				CLANG_WARN_DOCUMENTATION_COMMENTS = YES;
				CLANG_WARN_EMPTY_BODY = YES;
				CLANG_WARN_ENUM_CONVERSION = YES;
				CLANG_WARN_INFINITE_RECURSION = YES;
				CLANG_WARN_INT_CONVERSION = YES;
				CLANG_WARN_NON_LITERAL_NULL_CONVERSION = YES;
				CLANG_WARN_OBJC_IMPLICIT_RETAIN_SELF = YES;
				CLANG_WARN_OBJC_LITERAL_CONVERSION = YES;
				CLANG_WARN_OBJC_ROOT_CLASS = YES_ERROR;
				CLANG_WARN_QUOTED_INCLUDE_IN_FRAMEWORK_HEADER = YES;
				CLANG_WARN_RANGE_LOOP_ANALYSIS = YES;
				CLANG_WARN_STRICT_PROTOTYPES = YES;
				CLANG_WARN_SUSPICIOUS_MOVE = YES;
				CLANG_WARN_UNGUARDED_AVAILABILITY = YES_AGGRESSIVE;
				CLANG_WARN_UNREACHABLE_CODE = YES;
				CLANG_WARN__DUPLICATE_METHOD_MATCH = YES;
				COPY_PHASE_STRIP = NO;
				DEBUG_INFORMATION_FORMAT = "dwarf-with-dsym";
				ENABLE_NS_ASSERTIONS = NO;
				ENABLE_STRICT_OBJC_MSGSEND = YES;
				ENABLE_USER_SCRIPT_SANDBOXING = YES;
				GCC_C_LANGUAGE_STANDARD = gnu17;
				GCC_NO_COMMON_BLOCKS = YES;
				GCC_WARN_64_TO_32_BIT_CONVERSION = YES;
				GCC_WARN_ABOUT_RETURN_TYPE = YES_ERROR;
				GCC_WARN_UNDECLARED_SELECTOR = YES;
				GCC_WARN_UNINITIALIZED_AUTOS = YES_AGGRESSIVE;
				GCC_WARN_UNUSED_FUNCTION = YES;
				GCC_WARN_UNUSED_VARIABLE = YES;
				IPHONEOS_DEPLOYMENT_TARGET = 18.5;
				LOCALIZATION_PREFERS_STRING_CATALOGS = YES;
				MTL_ENABLE_DEBUG_INFO = NO;
				MTL_FAST_MATH = YES;
				SDKROOT = iphoneos;
				SWIFT_COMPILATION_MODE = wholemodule;
				VALIDATE_PRODUCT = YES;
			};
			name = Release;
		};
		A9BBF0552E44A6830046F1D0 /* Debug */ = {
			isa = XCBuildConfiguration;
			buildSettings = {
				BUNDLE_LOADER = "$(TEST_HOST)";
				CODE_SIGN_STYLE = Automatic;
				CURRENT_PROJECT_VERSION = 1;
				GENERATE_INFOPLIST_FILE = YES;
				IPHONEOS_DEPLOYMENT_TARGET = 18.5;
				MARKETING_VERSION = 1.0;
				PRODUCT_BUNDLE_IDENTIFIER = com.biarea.FaketifyTests;
				PRODUCT_NAME = "$(TARGET_NAME)";
				SWIFT_EMIT_LOC_STRINGS = NO;
				SWIFT_VERSION = 5.0;
				TARGETED_DEVICE_FAMILY = "1,2";
				TEST_HOST = "$(BUILT_PRODUCTS_DIR)/Faketify.app/$(BUNDLE_EXECUTABLE_FOLDER_PATH)/Faketify";
			};
			name = Debug;
		};
		A9BBF0562E44A6830046F1D0 /* Release */ = {
			isa = XCBuildConfiguration;
			buildSettings = {
				BUNDLE_LOADER = "$(TEST_HOST)";
				CODE_SIGN_STYLE = Automatic;
				CURRENT_PROJECT_VERSION = 1;
				GENERATE_INFOPLIST_FILE = YES;
				IPHONEOS_DEPLOYMENT_TARGET = 18.5;
				MARKETING_VERSION = 1.0;
				PRODUCT_BUNDLE_IDENTIFIER = com.biarea.FaketifyTests;
				PRODUCT_NAME = "$(TARGET_NAME)";
				SWIFT_EMIT_LOC_STRINGS = NO;
				SWIFT_VERSION = 5.0;
				TARGETED_DEVICE_FAMILY = "1,2";
				TEST_HOST = "$(BUILT_PRODUCTS_DIR)/Faketify.app/$(BUNDLE_EXECUTABLE_FOLDER_PATH)/Faketify";
			};
			name = Release;
		};
		A9BBF0582E44A6830046F1D0 /* Debug */ = {
			isa = XCBuildConfiguration;
			buildSettings = {
				CODE_SIGN_STYLE = Automatic;
				CURRENT_PROJECT_VERSION = 1;
				GENERATE_INFOPLIST_FILE = YES;
				MARKETING_VERSION = 1.0;
				PRODUCT_BUNDLE_IDENTIFIER = com.biarea.FaketifyUITests;
				PRODUCT_NAME = "$(TARGET_NAME)";
				SWIFT_EMIT_LOC_STRINGS = NO;
				SWIFT_VERSION = 5.0;
				TARGETED_DEVICE_FAMILY = "1,2";
				TEST_TARGET_NAME = Faketify;
			};
			name = Debug;
		};
		A9BBF0592E44A6830046F1D0 /* Release */ = {
			isa = XCBuildConfiguration;
			buildSettings = {
				CODE_SIGN_STYLE = Automatic;
				CURRENT_PROJECT_VERSION = 1;
				GENERATE_INFOPLIST_FILE = YES;
				MARKETING_VERSION = 1.0;
				PRODUCT_BUNDLE_IDENTIFIER = com.biarea.FaketifyUITests;
				PRODUCT_NAME = "$(TARGET_NAME)";
				SWIFT_EMIT_LOC_STRINGS = NO;
				SWIFT_VERSION = 5.0;
				TARGETED_DEVICE_FAMILY = "1,2";
				TEST_TARGET_NAME = Faketify;
			};
			name = Release;
		};
/* End XCBuildConfiguration section */

/* Begin XCConfigurationList section */
		A9BBF0212E44A6800046F1D0 /* Build configuration list for PBXProject "Faketify" */ = {
			isa = XCConfigurationList;
			buildConfigurations = (
				A9BBF0522E44A6830046F1D0 /* Debug */,
				A9BBF0532E44A6830046F1D0 /* Release */,
			);
			defaultConfigurationIsVisible = 0;
			defaultConfigurationName = Release;
		};
		A9BBF04F2E44A6830046F1D0 /* Build configuration list for PBXNativeTarget "Faketify" */ = {
			isa = XCConfigurationList;
			buildConfigurations = (
				A9BBF0502E44A6830046F1D0 /* Debug */,
				A9BBF0512E44A6830046F1D0 /* Release */,
			);
			defaultConfigurationIsVisible = 0;
			defaultConfigurationName = Release;
		};
		A9BBF0542E44A6830046F1D0 /* Build configuration list for PBXNativeTarget "FaketifyTests" */ = {
			isa = XCConfigurationList;
			buildConfigurations = (
				A9BBF0552E44A6830046F1D0 /* Debug */,
				A9BBF0562E44A6830046F1D0 /* Release */,
			);
			defaultConfigurationIsVisible = 0;
			defaultConfigurationName = Release;
		};
		A9BBF0572E44A6830046F1D0 /* Build configuration list for PBXNativeTarget "FaketifyUITests" */ = {
			isa = XCConfigurationList;
			buildConfigurations = (
				A9BBF0582E44A6830046F1D0 /* Debug */,
				A9BBF0592E44A6830046F1D0 /* Release */,
			);
			defaultConfigurationIsVisible = 0;
			defaultConfigurationName = Release;
		};
/* End XCConfigurationList section */
	};
	rootObject = A9BBF01E2E44A6800046F1D0 /* Project object */;
}
